
Microsoft Visual Studio Solution File, Format Version 12.00
# Visual Studio Version 16
VisualStudioVersion = 16.0.32228.343
MinimumVisualStudioVersion = 10.0.40219.1
Project("{9A19103F-16F7-4668-BE54-9A1E7A4F7556}") = "PepitoSchool.Forms", "PepitoSchool.Forms\PepitoSchool.Forms.csproj", "{AB691F5B-4376-49AD-8F2F-31DA7C3C76FD}"
EndProject
Project("{9A19103F-16F7-4668-BE54-9A1E7A4F7556}") = "PepitoSchool.Domain", "PepitoSchool.Domain\PepitoSchool.Domain.csproj", "{EAC3DCA3-FAFB-45E5-BBD9-7A313035CFF2}"
EndProject
Project("{FAE04EC0-301F-11D3-BF4B-00C04F79EFBC}") = "PepitoSchool.Infraestructure", "PepitoSchool.Infraestructure\PepitoSchool.Infraestructure.csproj", "{615520D4-3754-4668-A8DE-947443135411}"
EndProject
Project("{FAE04EC0-301F-11D3-BF4B-00C04F79EFBC}") = "PepitoSchool.App", "PepitoSchool.App\PepitoSchool.App.csproj", "{4D1E255D-2DDA-489A-A356-CF71C063C294}"
EndProject
Global
	GlobalSection(SolutionConfigurationPlatforms) = preSolution
		Debug|Any CPU = Debug|Any CPU
		Release|Any CPU = Release|Any CPU
	EndGlobalSection
	GlobalSection(ProjectConfigurationPlatforms) = postSolution
		{AB691F5B-4376-49AD-8F2F-31DA7C3C76FD}.Debug|Any CPU.ActiveCfg = Debug|Any CPU
		{AB691F5B-4376-49AD-8F2F-31DA7C3C76FD}.Debug|Any CPU.Build.0 = Debug|Any CPU
		{AB691F5B-4376-49AD-8F2F-31DA7C3C76FD}.Release|Any CPU.ActiveCfg = Release|Any CPU
		{AB691F5B-4376-49AD-8F2F-31DA7C3C76FD}.Release|Any CPU.Build.0 = Release|Any CPU
		{EAC3DCA3-FAFB-45E5-BBD9-7A313035CFF2}.Debug|Any CPU.ActiveCfg = Debug|Any CPU
		{EAC3DCA3-FAFB-45E5-BBD9-7A313035CFF2}.Debug|Any CPU.Build.0 = Debug|Any CPU
		{EAC3DCA3-FAFB-45E5-BBD9-7A313035CFF2}.Release|Any CPU.ActiveCfg = Release|Any CPU
		{EAC3DCA3-FAFB-45E5-BBD9-7A313035CFF2}.Release|Any CPU.Build.0 = Release|Any CPU
		{615520D4-3754-4668-A8DE-947443135411}.Debug|Any CPU.ActiveCfg = Debug|Any CPU
		{615520D4-3754-4668-A8DE-947443135411}.Debug|Any CPU.Build.0 = Debug|Any CPU
		{615520D4-3754-4668-A8DE-947443135411}.Release|Any CPU.ActiveCfg = Release|Any CPU
		{615520D4-3754-4668-A8DE-947443135411}.Release|Any CPU.Build.0 = Release|Any CPU
		{4D1E255D-2DDA-489A-A356-CF71C063C294}.Debug|Any CPU.ActiveCfg = Debug|Any CPU
		{4D1E255D-2DDA-489A-A356-CF71C063C294}.Debug|Any CPU.Build.0 = Debug|Any CPU
		{4D1E255D-2DDA-489A-A356-CF71C063C294}.Release|Any CPU.ActiveCfg = Release|Any CPU
		{4D1E255D-2DDA-489A-A356-CF71C063C294}.Release|Any CPU.Build.0 = Release|Any CPU
	EndGlobalSection
	GlobalSection(SolutionProperties) = preSolution
		HideSolutionNode = FALSE
	EndGlobalSection
	GlobalSection(ExtensibilityGlobals) = postSolution
		SolutionGuid = {EBA11AA9-2793-4F9E-B1D0-5E0EF6BCB66A}
	EndGlobalSection
EndGlobal
